
Microsoft Visual Studio Solution File, Format Version 12.00
# Visual Studio Version 17
VisualStudioVersion = 17.8.34309.116
MinimumVisualStudioVersion = 10.0.40219.1
Project("{FAE04EC0-301F-11D3-BF4B-00C04F79EFBC}") = "LibraryApp", "Library\LibraryApp.csproj", "{E0916C83-8A76-48BA-8511-5983B6E1D457}"
EndProject
Project("{FAE04EC0-301F-11D3-BF4B-00C04F79EFBC}") = "LibraryDAL", "LibraryDAL\LibraryDAL.csproj", "{1CBF342C-6164-402D-B97A-7D6DCEE53F08}"
EndProject
Global
	GlobalSection(SolutionConfigurationPlatforms) = preSolution
		Debug|Any CPU = Debug|Any CPU
		Release|Any CPU = Release|Any CPU
	EndGlobalSection
	GlobalSection(ProjectConfigurationPlatforms) = postSolution
		{E0916C83-8A76-48BA-8511-5983B6E1D457}.Debug|Any CPU.ActiveCfg = Debug|Any CPU
		{E0916C83-8A76-48BA-8511-5983B6E1D457}.Debug|Any CPU.Build.0 = Debug|Any CPU
		{E0916C83-8A76-48BA-8511-5983B6E1D457}.Debug|Any CPU.Deploy.0 = Debug|Any CPU
		{E0916C83-8A76-48BA-8511-5983B6E1D457}.Release|Any CPU.ActiveCfg = Release|Any CPU
		{E0916C83-8A76-48BA-8511-5983B6E1D457}.Release|Any CPU.Build.0 = Release|Any CPU
		{E0916C83-8A76-48BA-8511-5983B6E1D457}.Release|Any CPU.Deploy.0 = Release|Any CPU
		{1CBF342C-6164-402D-B97A-7D6DCEE53F08}.Debug|Any CPU.ActiveCfg = Debug|Any CPU
		{1CBF342C-6164-402D-B97A-7D6DCEE53F08}.Debug|Any CPU.Build.0 = Debug|Any CPU
		{1CBF342C-6164-402D-B97A-7D6DCEE53F08}.Release|Any CPU.ActiveCfg = Release|Any CPU
		{1CBF342C-6164-402D-B97A-7D6DCEE53F08}.Release|Any CPU.Build.0 = Release|Any CPU
	EndGlobalSection
	GlobalSection(SolutionProperties) = preSolution
		HideSolutionNode = FALSE
	EndGlobalSection
	GlobalSection(ExtensibilityGlobals) = postSolution
		SolutionGuid = {DE915215-08C3-4494-89F0-FE3ABD11ADB7}
	EndGlobalSection
EndGlobal
